
Microsoft Visual Studio Solution File, Format Version 12.00
# Visual Studio Version 16
VisualStudioVersion = 16.0.31729.503
MinimumVisualStudioVersion = 10.0.40219.1
Project("{8BC9CEB8-8B4A-11D0-8D11-00A0C91BC942}") = "LinMathAttempt", "LinMathAttempt\LinMathAttempt.vcxproj", "{6FAB4356-F84D-49C2-8D92-37581E79E13F}"
EndProject
Global
	GlobalSection(SolutionConfigurationPlatforms) = preSolution
		Debug|x64 = Debug|x64
		Debug|x86 = Debug|x86
		Release|x64 = Release|x64
		Release|x86 = Release|x86
	EndGlobalSection
	GlobalSection(ProjectConfigurationPlatforms) = postSolution
		{6FAB4356-F84D-49C2-8D92-37581E79E13F}.Debug|x64.ActiveCfg = Debug|x64
		{6FAB4356-F84D-49C2-8D92-37581E79E13F}.Debug|x64.Build.0 = Debug|x64
		{6FAB4356-F84D-49C2-8D92-37581E79E13F}.Debug|x86.ActiveCfg = Debug|Win32
		{6FAB4356-F84D-49C2-8D92-37581E79E13F}.Debug|x86.Build.0 = Debug|Win32
		{6FAB4356-F84D-49C2-8D92-37581E79E13F}.Release|x64.ActiveCfg = Release|x64
		{6FAB4356-F84D-49C2-8D92-37581E79E13F}.Release|x64.Build.0 = Release|x64
		{6FAB4356-F84D-49C2-8D92-37581E79E13F}.Release|x86.ActiveCfg = Release|Win32
		{6FAB4356-F84D-49C2-8D92-37581E79E13F}.Release|x86.Build.0 = Release|Win32
	EndGlobalSection
	GlobalSection(SolutionProperties) = preSolution
		HideSolutionNode = FALSE
	EndGlobalSection
	GlobalSection(ExtensibilityGlobals) = postSolution
		SolutionGuid = {4441616E-FFB1-48D3-A647-BC9E97DDBC2A}
	EndGlobalSection
EndGlobal
